
Microsoft Visual Studio Solution File, Format Version 12.00
# Visual Studio 14
VisualStudioVersion = 14.0.23107.0
MinimumVisualStudioVersion = 10.0.40219.1
Project("{FAE04EC0-301F-11D3-BF4B-00C04F79EFBC}") = "Azeroth.ApiOwin", "Azeroth.ApiOwin\Azeroth.ApiOwin.csproj", "{5803218F-898A-4B69-930C-91BD5C3304FD}"
EndProject
Project("{FAE04EC0-301F-11D3-BF4B-00C04F79EFBC}") = "Azeroth.ApiSelf", "Azeroth.ApiSelf\Azeroth.ApiSelf.csproj", "{032D5339-F94B-484F-923B-B70544F88D7B}"
EndProject
Project("{FAE04EC0-301F-11D3-BF4B-00C04F79EFBC}") = "Azeroth.ApiIIS", "Azeroth.ApiIIS\Azeroth.ApiIIS.csproj", "{78D8EF37-DF77-4072-8CDF-99B7D11DD0BA}"
EndProject
Global
	GlobalSection(SolutionConfigurationPlatforms) = preSolution
		Debug|Any CPU = Debug|Any CPU
		Release|Any CPU = Release|Any CPU
	EndGlobalSection
	GlobalSection(ProjectConfigurationPlatforms) = postSolution
		{5803218F-898A-4B69-930C-91BD5C3304FD}.Debug|Any CPU.ActiveCfg = Debug|Any CPU
		{5803218F-898A-4B69-930C-91BD5C3304FD}.Debug|Any CPU.Build.0 = Debug|Any CPU
		{5803218F-898A-4B69-930C-91BD5C3304FD}.Release|Any CPU.ActiveCfg = Release|Any CPU
		{5803218F-898A-4B69-930C-91BD5C3304FD}.Release|Any CPU.Build.0 = Release|Any CPU
		{032D5339-F94B-484F-923B-B70544F88D7B}.Debug|Any CPU.ActiveCfg = Debug|Any CPU
		{032D5339-F94B-484F-923B-B70544F88D7B}.Debug|Any CPU.Build.0 = Debug|Any CPU
		{032D5339-F94B-484F-923B-B70544F88D7B}.Release|Any CPU.ActiveCfg = Release|Any CPU
		{032D5339-F94B-484F-923B-B70544F88D7B}.Release|Any CPU.Build.0 = Release|Any CPU
		{78D8EF37-DF77-4072-8CDF-99B7D11DD0BA}.Debug|Any CPU.ActiveCfg = Debug|Any CPU
		{78D8EF37-DF77-4072-8CDF-99B7D11DD0BA}.Debug|Any CPU.Build.0 = Debug|Any CPU
		{78D8EF37-DF77-4072-8CDF-99B7D11DD0BA}.Release|Any CPU.ActiveCfg = Release|Any CPU
		{78D8EF37-DF77-4072-8CDF-99B7D11DD0BA}.Release|Any CPU.Build.0 = Release|Any CPU
	EndGlobalSection
	GlobalSection(SolutionProperties) = preSolution
		HideSolutionNode = FALSE
	EndGlobalSection
EndGlobal
